// !$*UTF8*$!
{
	archiveVersion = 1;
	classes = {
	};
	objectVersion = 50;
	objects = {

/* Begin PBXBuildFile section */
		32EB69EA24572BB500D1E5C3 /* main.c in Sources */ = {isa = PBXBuildFile; fileRef = 32EB69E924572BB500D1E5C3 /* main.c */; };
		32EB69F824574D6B00D1E5C3 /* readingFile.c in Sources */ = {isa = PBXBuildFile; fileRef = 32EB69F724574D6B00D1E5C3 /* readingFile.c */; };
		32EB6A042457836600D1E5C3 /* printFAT.c in Sources */ = {isa = PBXBuildFile; fileRef = 32EB6A032457836600D1E5C3 /* printFAT.c */; };
		32EB6A09245786E500D1E5C3 /* printRootInfo.c in Sources */ = {isa = PBXBuildFile; fileRef = 32EB6A05245786E400D1E5C3 /* printRootInfo.c */; };
		32EB6A0A245786E500D1E5C3 /* printSuperblockInfo.c in Sources */ = {isa = PBXBuildFile; fileRef = 32EB6A08245786E500D1E5C3 /* printSuperblockInfo.c */; };
/* End PBXBuildFile section */

/* Begin PBXCopyFilesBuildPhase section */
		32EB69E424572BB500D1E5C3 /* CopyFiles */ = {
			isa = PBXCopyFilesBuildPhase;
			buildActionMask = 2147483647;
			dstPath = /usr/share/man/man1/;
			dstSubfolderSpec = 0;
			files = (
			);
			runOnlyForDeploymentPostprocessing = 1;
		};
/* End PBXCopyFilesBuildPhase section */

/* Begin PBXFileReference section */
		32EB69E624572BB500D1E5C3 /* fileAliases */ = {isa = PBXFileReference; explicitFileType = "compiled.mach-o.executable"; includeInIndex = 0; path = fileAliases; sourceTree = BUILT_PRODUCTS_DIR; };
		32EB69E924572BB500D1E5C3 /* main.c */ = {isa = PBXFileReference; lastKnownFileType = sourcecode.c.c; path = main.c; sourceTree = "<group>"; };
		32EB69F124572C2200D1E5C3 /* File.h */ = {isa = PBXFileReference; lastKnownFileType = sourcecode.c.h; path = File.h; sourceTree = "<group>"; };
		32EB69F224572F8000D1E5C3 /* FileSystem.h */ = {isa = PBXFileReference; lastKnownFileType = sourcecode.c.h; path = FileSystem.h; sourceTree = "<group>"; };
		32EB69F324572FBC00D1E5C3 /* Superblock.h */ = {isa = PBXFileReference; lastKnownFileType = sourcecode.c.h; path = Superblock.h; sourceTree = "<group>"; };
		32EB69F624574D5B00D1E5C3 /* readingFile.h */ = {isa = PBXFileReference; lastKnownFileType = sourcecode.c.h; path = readingFile.h; sourceTree = "<group>"; };
		32EB69F724574D6B00D1E5C3 /* readingFile.c */ = {isa = PBXFileReference; lastKnownFileType = sourcecode.c.c; path = readingFile.c; sourceTree = "<group>"; };
		32EB6A032457836600D1E5C3 /* printFAT.c */ = {isa = PBXFileReference; lastKnownFileType = sourcecode.c.c; path = printFAT.c; sourceTree = "<group>"; };
		32EB6A05245786E400D1E5C3 /* printRootInfo.c */ = {isa = PBXFileReference; fileEncoding = 4; lastKnownFileType = sourcecode.c.c; path = printRootInfo.c; sourceTree = "<group>"; };
		32EB6A08245786E500D1E5C3 /* printSuperblockInfo.c */ = {isa = PBXFileReference; fileEncoding = 4; lastKnownFileType = sourcecode.c.c; path = printSuperblockInfo.c; sourceTree = "<group>"; };
		32EB6A0B2457870C00D1E5C3 /* print.h */ = {isa = PBXFileReference; lastKnownFileType = sourcecode.c.h; path = print.h; sourceTree = "<group>"; };
/* End PBXFileReference section */

/* Begin PBXFrameworksBuildPhase section */
		32EB69E324572BB500D1E5C3 /* Frameworks */ = {
			isa = PBXFrameworksBuildPhase;
			buildActionMask = 2147483647;
			files = (
			);
			runOnlyForDeploymentPostprocessing = 0;
		};
/* End PBXFrameworksBuildPhase section */

/* Begin PBXGroup section */
		32EB69DD24572BB500D1E5C3 = {
			isa = PBXGroup;
			children = (
				32EB69E824572BB500D1E5C3 /* fileAliases */,
				32EB69E724572BB500D1E5C3 /* Products */,
			);
			sourceTree = "<group>";
		};
		32EB69E724572BB500D1E5C3 /* Products */ = {
			isa = PBXGroup;
			children = (
				32EB69E624572BB500D1E5C3 /* fileAliases */,
			);
			name = Products;
			sourceTree = "<group>";
		};
		32EB69E824572BB500D1E5C3 /* fileAliases */ = {
			isa = PBXGroup;
			children = (
				32EB6A012457834600D1E5C3 /* Print */,
				32EB69F524574D1400D1E5C3 /* Reading file */,
				32EB69F024572BFB00D1E5C3 /* Types */,
				32EB69E924572BB500D1E5C3 /* main.c */,
			);
			path = fileAliases;
			sourceTree = "<group>";
		};
		32EB69F024572BFB00D1E5C3 /* Types */ = {
			isa = PBXGroup;
			children = (
				32EB69F124572C2200D1E5C3 /* File.h */,
				32EB69F224572F8000D1E5C3 /* FileSystem.h */,
				32EB69F324572FBC00D1E5C3 /* Superblock.h */,
			);
			name = Types;
			sourceTree = "<group>";
		};
		32EB69F524574D1400D1E5C3 /* Reading file */ = {
			isa = PBXGroup;
			children = (
				32EB69F624574D5B00D1E5C3 /* readingFile.h */,
				32EB69F724574D6B00D1E5C3 /* readingFile.c */,
			);
			name = "Reading file";
			sourceTree = "<group>";
		};
		32EB6A012457834600D1E5C3 /* Print */ = {
			isa = PBXGroup;
			children = (
				32EB6A05245786E400D1E5C3 /* printRootInfo.c */,
				32EB6A08245786E500D1E5C3 /* printSuperblockInfo.c */,
				32EB6A032457836600D1E5C3 /* printFAT.c */,
				32EB6A0B2457870C00D1E5C3 /* print.h */,
			);
			name = Print;
			sourceTree = "<group>";
		};
/* End PBXGroup section */

/* Begin PBXNativeTarget section */
		32EB69E524572BB500D1E5C3 /* fileAliases */ = {
			isa = PBXNativeTarget;
			buildConfigurationList = 32EB69ED24572BB500D1E5C3 /* Build configuration list for PBXNativeTarget "fileAliases" */;
			buildPhases = (
				32EB69E224572BB500D1E5C3 /* Sources */,
				32EB69E324572BB500D1E5C3 /* Frameworks */,
				32EB69E424572BB500D1E5C3 /* CopyFiles */,
			);
			buildRules = (
			);
			dependencies = (
			);
			name = fileAliases;
			productName = fileAliases;
			productReference = 32EB69E624572BB500D1E5C3 /* fileAliases */;
			productType = "com.apple.product-type.tool";
		};
/* End PBXNativeTarget section */

/* Begin PBXProject section */
		32EB69DE24572BB500D1E5C3 /* Project object */ = {
			isa = PBXProject;
			attributes = {
				LastUpgradeCheck = 1130;
				ORGANIZATIONNAME = "Hooba-booba";
				TargetAttributes = {
					32EB69E524572BB500D1E5C3 = {
						CreatedOnToolsVersion = 11.3.1;
					};
				};
			};
			buildConfigurationList = 32EB69E124572BB500D1E5C3 /* Build configuration list for PBXProject "fileAliases" */;
			compatibilityVersion = "Xcode 9.3";
			developmentRegion = en;
			hasScannedForEncodings = 0;
			knownRegions = (
				en,
				Base,
			);
			mainGroup = 32EB69DD24572BB500D1E5C3;
			productRefGroup = 32EB69E724572BB500D1E5C3 /* Products */;
			projectDirPath = "";
			projectRoot = "";
			targets = (
				32EB69E524572BB500D1E5C3 /* fileAliases */,
			);
		};
/* End PBXProject section */

/* Begin PBXSourcesBuildPhase section */
		32EB69E224572BB500D1E5C3 /* Sources */ = {
			isa = PBXSourcesBuildPhase;
			buildActionMask = 2147483647;
			files = (
				32EB6A042457836600D1E5C3 /* printFAT.c in Sources */,
				32EB6A09245786E500D1E5C3 /* printRootInfo.c in Sources */,
				32EB69F824574D6B00D1E5C3 /* readingFile.c in Sources */,
				32EB69EA24572BB500D1E5C3 /* main.c in Sources */,
				32EB6A0A245786E500D1E5C3 /* printSuperblockInfo.c in Sources */,
			);
			runOnlyForDeploymentPostprocessing = 0;
		};
/* End PBXSourcesBuildPhase section */

/* Begin XCBuildConfiguration section */
		32EB69EB24572BB500D1E5C3 /* Debug */ = {
			isa = XCBuildConfiguration;
			buildSettings = {
				ALWAYS_SEARCH_USER_PATHS = NO;
				CLANG_ANALYZER_NONNULL = YES;
				CLANG_ANALYZER_NUMBER_OBJECT_CONVERSION = YES_AGGRESSIVE;
				CLANG_CXX_LANGUAGE_STANDARD = "gnu++14";
				CLANG_CXX_LIBRARY = "libc++";
				CLANG_ENABLE_MODULES = YES;
				CLANG_ENABLE_OBJC_ARC = YES;
				CLANG_ENABLE_OBJC_WEAK = YES;
				CLANG_WARN_BLOCK_CAPTURE_AUTORELEASING = YES;
				CLANG_WARN_BOOL_CONVERSION = YES;
				CLANG_WARN_COMMA = YES;
				CLANG_WARN_CONSTANT_CONVERSION = YES;
				CLANG_WARN_DEPRECATED_OBJC_IMPLEMENTATIONS = YES;
				CLANG_WARN_DIRECT_OBJC_ISA_USAGE = YES_ERROR;
				CLANG_WARN_DOCUMENTATION_COMMENTS = YES;
				CLANG_WARN_EMPTY_BODY = YES;
				CLANG_WARN_ENUM_CONVERSION = YES;
				CLANG_WARN_INFINITE_RECURSION = YES;
				CLANG_WARN_INT_CONVERSION = YES;
				CLANG_WARN_NON_LITERAL_NULL_CONVERSION = YES;
				CLANG_WARN_OBJC_IMPLICIT_RETAIN_SELF = YES;
				CLANG_WARN_OBJC_LITERAL_CONVERSION = YES;
				CLANG_WARN_OBJC_ROOT_CLASS = YES_ERROR;
				CLANG_WARN_RANGE_LOOP_ANALYSIS = YES;
				CLANG_WARN_STRICT_PROTOTYPES = YES;
				CLANG_WARN_SUSPICIOUS_MOVE = YES;
				CLANG_WARN_UNGUARDED_AVAILABILITY = YES_AGGRESSIVE;
				CLANG_WARN_UNREACHABLE_CODE = YES;
				CLANG_WARN__DUPLICATE_METHOD_MATCH = YES;
				COPY_PHASE_STRIP = NO;
				DEBUG_INFORMATION_FORMAT = dwarf;
				ENABLE_STRICT_OBJC_MSGSEND = YES;
				ENABLE_TESTABILITY = YES;
				GCC_C_LANGUAGE_STANDARD = gnu11;
				GCC_DYNAMIC_NO_PIC = NO;
				GCC_NO_COMMON_BLOCKS = YES;
				GCC_OPTIMIZATION_LEVEL = 0;
				GCC_PREPROCESSOR_DEFINITIONS = (
					"DEBUG=1",
					"$(inherited)",
				);
				GCC_WARN_64_TO_32_BIT_CONVERSION = YES;
				GCC_WARN_ABOUT_RETURN_TYPE = YES_ERROR;
				GCC_WARN_UNDECLARED_SELECTOR = YES;
				GCC_WARN_UNINITIALIZED_AUTOS = YES_AGGRESSIVE;
				GCC_WARN_UNUSED_FUNCTION = YES;
				GCC_WARN_UNUSED_VARIABLE = YES;
				MACOSX_DEPLOYMENT_TARGET = 10.15;
				MTL_ENABLE_DEBUG_INFO = INCLUDE_SOURCE;
				MTL_FAST_MATH = YES;
				ONLY_ACTIVE_ARCH = YES;
				SDKROOT = macosx;
			};
			name = Debug;
		};
		32EB69EC24572BB500D1E5C3 /* Release */ = {
			isa = XCBuildConfiguration;
			buildSettings = {
				ALWAYS_SEARCH_USER_PATHS = NO;
				CLANG_ANALYZER_NONNULL = YES;
				CLANG_ANALYZER_NUMBER_OBJECT_CONVERSION = YES_AGGRESSIVE;
				CLANG_CXX_LANGUAGE_STANDARD = "gnu++14";
				CLANG_CXX_LIBRARY = "libc++";
				CLANG_ENABLE_MODULES = YES;
				CLANG_ENABLE_OBJC_ARC = YES;
				CLANG_ENABLE_OBJC_WEAK = YES;
				CLANG_WARN_BLOCK_CAPTURE_AUTORELEASING = YES;
				CLANG_WARN_BOOL_CONVERSION = YES;
				CLANG_WARN_COMMA = YES;
				CLANG_WARN_CONSTANT_CONVERSION = YES;
				CLANG_WARN_DEPRECATED_OBJC_IMPLEMENTATIONS = YES;
				CLANG_WARN_DIRECT_OBJC_ISA_USAGE = YES_ERROR;
				CLANG_WARN_DOCUMENTATION_COMMENTS = YES;
				CLANG_WARN_EMPTY_BODY = YES;
				CLANG_WARN_ENUM_CONVERSION = YES;
				CLANG_WARN_INFINITE_RECURSION = YES;
				CLANG_WARN_INT_CONVERSION = YES;
				CLANG_WARN_NON_LITERAL_NULL_CONVERSION = YES;
				CLANG_WARN_OBJC_IMPLICIT_RETAIN_SELF = YES;
				CLANG_WARN_OBJC_LITERAL_CONVERSION = YES;
				CLANG_WARN_OBJC_ROOT_CLASS = YES_ERROR;
				CLANG_WARN_RANGE_LOOP_ANALYSIS = YES;
				CLANG_WARN_STRICT_PROTOTYPES = YES;
				CLANG_WARN_SUSPICIOUS_MOVE = YES;
				CLANG_WARN_UNGUARDED_AVAILABILITY = YES_AGGRESSIVE;
				CLANG_WARN_UNREACHABLE_CODE = YES;
				CLANG_WARN__DUPLICATE_METHOD_MATCH = YES;
				COPY_PHASE_STRIP = NO;
				DEBUG_INFORMATION_FORMAT = "dwarf-with-dsym";
				ENABLE_NS_ASSERTIONS = NO;
				ENABLE_STRICT_OBJC_MSGSEND = YES;
				GCC_C_LANGUAGE_STANDARD = gnu11;
				GCC_NO_COMMON_BLOCKS = YES;
				GCC_WARN_64_TO_32_BIT_CONVERSION = YES;
				GCC_WARN_ABOUT_RETURN_TYPE = YES_ERROR;
				GCC_WARN_UNDECLARED_SELECTOR = YES;
				GCC_WARN_UNINITIALIZED_AUTOS = YES_AGGRESSIVE;
				GCC_WARN_UNUSED_FUNCTION = YES;
				GCC_WARN_UNUSED_VARIABLE = YES;
				MACOSX_DEPLOYMENT_TARGET = 10.15;
				MTL_ENABLE_DEBUG_INFO = NO;
				MTL_FAST_MATH = YES;
				SDKROOT = macosx;
			};
			name = Release;
		};
		32EB69EE24572BB500D1E5C3 /* Debug */ = {
			isa = XCBuildConfiguration;
			buildSettings = {
				CODE_SIGN_STYLE = Automatic;
				PRODUCT_NAME = "$(TARGET_NAME)";
			};
			name = Debug;
		};
		32EB69EF24572BB500D1E5C3 /* Release */ = {
			isa = XCBuildConfiguration;
			buildSettings = {
				CODE_SIGN_STYLE = Automatic;
				PRODUCT_NAME = "$(TARGET_NAME)";
			};
			name = Release;
		};
/* End XCBuildConfiguration section */

/* Begin XCConfigurationList section */
		32EB69E124572BB500D1E5C3 /* Build configuration list for PBXProject "fileAliases" */ = {
			isa = XCConfigurationList;
			buildConfigurations = (
				32EB69EB24572BB500D1E5C3 /* Debug */,
				32EB69EC24572BB500D1E5C3 /* Release */,
			);
			defaultConfigurationIsVisible = 0;
			defaultConfigurationName = Release;
		};
		32EB69ED24572BB500D1E5C3 /* Build configuration list for PBXNativeTarget "fileAliases" */ = {
			isa = XCConfigurationList;
			buildConfigurations = (
				32EB69EE24572BB500D1E5C3 /* Debug */,
				32EB69EF24572BB500D1E5C3 /* Release */,
			);
			defaultConfigurationIsVisible = 0;
			defaultConfigurationName = Release;
		};
/* End XCConfigurationList section */
	};
	rootObject = 32EB69DE24572BB500D1E5C3 /* Project object */;
}
